
Microsoft Visual Studio Solution File, Format Version 12.00
# Visual Studio 14
VisualStudioVersion = 14.0.25420.1
MinimumVisualStudioVersion = 10.0.40219.1
Project("{FAE04EC0-301F-11D3-BF4B-00C04F79EFBC}") = "API030", "API030\API030.csproj", "{C73793A3-67FC-47F3-B109-EF4FAA6D880D}"
EndProject
Global
	GlobalSection(SolutionConfigurationPlatforms) = preSolution
		Debug|Any CPU = Debug|Any CPU
		Release|Any CPU = Release|Any CPU
	EndGlobalSection
	GlobalSection(ProjectConfigurationPlatforms) = postSolution
		{C73793A3-67FC-47F3-B109-EF4FAA6D880D}.Debug|Any CPU.ActiveCfg = Debug|Any CPU
		{C73793A3-67FC-47F3-B109-EF4FAA6D880D}.Debug|Any CPU.Build.0 = Debug|Any CPU
		{C73793A3-67FC-47F3-B109-EF4FAA6D880D}.Release|Any CPU.ActiveCfg = Release|Any CPU
		{C73793A3-67FC-47F3-B109-EF4FAA6D880D}.Release|Any CPU.Build.0 = Release|Any CPU
	EndGlobalSection
	GlobalSection(SolutionProperties) = preSolution
		HideSolutionNode = FALSE
	EndGlobalSection
EndGlobal
